
Microsoft Visual Studio Solution File, Format Version 12.00
# Visual Studio 15
VisualStudioVersion = 15.0.26403.0
MinimumVisualStudioVersion = 10.0.40219.1
Project("{FAE04EC0-301F-11D3-BF4B-00C04F79EFBC}") = "Processes", "Processes\Processes.csproj", "{C9E1BEF9-4FDD-4ECA-BC24-2CF6B4980495}"
EndProject
Project("{FAE04EC0-301F-11D3-BF4B-00C04F79EFBC}") = "Reader", "Reader\Reader.csproj", "{7A3CBAC3-BD54-42FD-A5C9-F9958A39288D}"
EndProject
Project("{FAE04EC0-301F-11D3-BF4B-00C04F79EFBC}") = "Writer", "Writer\Writer.csproj", "{47C34EE0-D264-41F9-BE29-9A1BFD83DE2C}"
EndProject
Global
	GlobalSection(SolutionConfigurationPlatforms) = preSolution
		Debug|Any CPU = Debug|Any CPU
		Release|Any CPU = Release|Any CPU
	EndGlobalSection
	GlobalSection(ProjectConfigurationPlatforms) = postSolution
		{C9E1BEF9-4FDD-4ECA-BC24-2CF6B4980495}.Debug|Any CPU.ActiveCfg = Debug|Any CPU
		{C9E1BEF9-4FDD-4ECA-BC24-2CF6B4980495}.Debug|Any CPU.Build.0 = Debug|Any CPU
		{C9E1BEF9-4FDD-4ECA-BC24-2CF6B4980495}.Release|Any CPU.ActiveCfg = Release|Any CPU
		{C9E1BEF9-4FDD-4ECA-BC24-2CF6B4980495}.Release|Any CPU.Build.0 = Release|Any CPU
		{7A3CBAC3-BD54-42FD-A5C9-F9958A39288D}.Debug|Any CPU.ActiveCfg = Debug|Any CPU
		{7A3CBAC3-BD54-42FD-A5C9-F9958A39288D}.Debug|Any CPU.Build.0 = Debug|Any CPU
		{7A3CBAC3-BD54-42FD-A5C9-F9958A39288D}.Release|Any CPU.ActiveCfg = Release|Any CPU
		{7A3CBAC3-BD54-42FD-A5C9-F9958A39288D}.Release|Any CPU.Build.0 = Release|Any CPU
		{47C34EE0-D264-41F9-BE29-9A1BFD83DE2C}.Debug|Any CPU.ActiveCfg = Debug|Any CPU
		{47C34EE0-D264-41F9-BE29-9A1BFD83DE2C}.Debug|Any CPU.Build.0 = Debug|Any CPU
		{47C34EE0-D264-41F9-BE29-9A1BFD83DE2C}.Release|Any CPU.ActiveCfg = Release|Any CPU
		{47C34EE0-D264-41F9-BE29-9A1BFD83DE2C}.Release|Any CPU.Build.0 = Release|Any CPU
	EndGlobalSection
	GlobalSection(SolutionProperties) = preSolution
		HideSolutionNode = FALSE
	EndGlobalSection
EndGlobal
